
Microsoft Visual Studio Solution File, Format Version 12.00
# Visual Studio 2012
Project("{FAE04EC0-301F-11D3-BF4B-00C04F79EFBC}") = "IET.TV.Portal", "..\..\All-Projects\Headless.Testing\IET.TV.Portal\IET.TV.Portal.csproj", "{A30781B7-1357-4D9F-B1DF-FE37EC0994B4}"
EndProject
Project("{FAE04EC0-301F-11D3-BF4B-00C04F79EFBC}") = "Utilities", "Utilities\Utilities.csproj", "{1C95AD0E-4232-4ADC-ADC0-A1C2050CF980}"
EndProject
Global
	GlobalSection(SolutionConfigurationPlatforms) = preSolution
		Debug|Any CPU = Debug|Any CPU
		Release|Any CPU = Release|Any CPU
	EndGlobalSection
	GlobalSection(ProjectConfigurationPlatforms) = postSolution
		{A30781B7-1357-4D9F-B1DF-FE37EC0994B4}.Debug|Any CPU.ActiveCfg = Debug|Any CPU
		{A30781B7-1357-4D9F-B1DF-FE37EC0994B4}.Debug|Any CPU.Build.0 = Debug|Any CPU
		{A30781B7-1357-4D9F-B1DF-FE37EC0994B4}.Release|Any CPU.ActiveCfg = Release|Any CPU
		{A30781B7-1357-4D9F-B1DF-FE37EC0994B4}.Release|Any CPU.Build.0 = Release|Any CPU
		{1C95AD0E-4232-4ADC-ADC0-A1C2050CF980}.Debug|Any CPU.ActiveCfg = Debug|Any CPU
		{1C95AD0E-4232-4ADC-ADC0-A1C2050CF980}.Debug|Any CPU.Build.0 = Debug|Any CPU
		{1C95AD0E-4232-4ADC-ADC0-A1C2050CF980}.Release|Any CPU.ActiveCfg = Release|Any CPU
		{1C95AD0E-4232-4ADC-ADC0-A1C2050CF980}.Release|Any CPU.Build.0 = Release|Any CPU
	EndGlobalSection
	GlobalSection(SolutionProperties) = preSolution
		HideSolutionNode = FALSE
	EndGlobalSection
EndGlobal
